Microsoft Visual Studio Solution File, Format Version 12.00
# Visual Studio Version 17
VisualStudioVersion = 17.5.2.0
MinimumVisualStudioVersion = 10.0.40219.1
Project("{FAE04EC0-301F-11D3-BF4B-00C04F79EFBC}") = "KumaranCoffeeCorner", "KumaranCoffeeCorner.csproj", "{3C662FAA-7F63-536F-E6EA-198D6669B447}"
EndProject
Global
	GlobalSection(SolutionConfigurationPlatforms) = preSolution
		Debug|Any CPU = Debug|Any CPU
		Release|Any CPU = Release|Any CPU
	EndGlobalSection
	GlobalSection(ProjectConfigurationPlatforms) = postSolution
		{3C662FAA-7F63-536F-E6EA-198D6669B447}.Debug|Any CPU.ActiveCfg = Debug|Any CPU
		{3C662FAA-7F63-536F-E6EA-198D6669B447}.Debug|Any CPU.Build.0 = Debug|Any CPU
		{3C662FAA-7F63-536F-E6EA-198D6669B447}.Release|Any CPU.ActiveCfg = Release|Any CPU
		{3C662FAA-7F63-536F-E6EA-198D6669B447}.Release|Any CPU.Build.0 = Release|Any CPU
	EndGlobalSection
	GlobalSection(SolutionProperties) = preSolution
		HideSolutionNode = FALSE
	EndGlobalSection
	GlobalSection(ExtensibilityGlobals) = postSolution
		SolutionGuid = {AD1198B3-8F05-4A56-95E4-562C1591C51D}
	EndGlobalSection
EndGlobal
